
Microsoft Visual Studio Solution File, Format Version 12.00
# Visual Studio Version 18
VisualStudioVersion = 18.0.11205.157
MinimumVisualStudioVersion = 10.0.40219.1
Project("{9A19103F-16F7-4668-BE54-9A1E7A4F7556}") = "STAF", "STAFS\STAF.csproj", "{0051353A-3457-4FAB-B469-7DC6213A57E2}"
EndProject
Project("{2150E333-8FDC-42A3-9474-1A3956D46DE8}") = "Solution Items", "Solution Items", "{9FDD19AE-54BC-4C30-BB2B-54A4F8CAE968}"
	ProjectSection(SolutionItems) = preProject
		.editorconfig = .editorconfig
		.gitignore = .gitignore
		README.md = README.md
	EndProjectSection
EndProject
Project("{FAE04EC0-301F-11D3-BF4B-00C04F79EFBC}") = "STAF.Tests", "STAF.Tests\STAF.Tests.csproj", "{52A9E167-893C-4F2A-A7B6-E707E226E1A9}"
EndProject
Project("{2150E333-8FDC-42A3-9474-1A3956D46DE8}") = "STAFS", "STAFS", "{BDF49D64-6D94-FA44-C9CF-D44A9BDBB2B1}"
EndProject
Global
	GlobalSection(SolutionConfigurationPlatforms) = preSolution
		Debug|Any CPU = Debug|Any CPU
		Debug|x64 = Debug|x64
		Debug|x86 = Debug|x86
		Release|Any CPU = Release|Any CPU
		Release|x64 = Release|x64
		Release|x86 = Release|x86
	EndGlobalSection
	GlobalSection(ProjectConfigurationPlatforms) = postSolution
		{0051353A-3457-4FAB-B469-7DC6213A57E2}.Debug|Any CPU.ActiveCfg = Debug|Any CPU
		{0051353A-3457-4FAB-B469-7DC6213A57E2}.Debug|Any CPU.Build.0 = Debug|Any CPU
		{0051353A-3457-4FAB-B469-7DC6213A57E2}.Debug|x64.ActiveCfg = Debug|Any CPU
		{0051353A-3457-4FAB-B469-7DC6213A57E2}.Debug|x64.Build.0 = Debug|Any CPU
		{0051353A-3457-4FAB-B469-7DC6213A57E2}.Debug|x86.ActiveCfg = Debug|Any CPU
		{0051353A-3457-4FAB-B469-7DC6213A57E2}.Debug|x86.Build.0 = Debug|Any CPU
		{0051353A-3457-4FAB-B469-7DC6213A57E2}.Release|Any CPU.ActiveCfg = Release|Any CPU
		{0051353A-3457-4FAB-B469-7DC6213A57E2}.Release|Any CPU.Build.0 = Release|Any CPU
		{0051353A-3457-4FAB-B469-7DC6213A57E2}.Release|x64.ActiveCfg = Release|Any CPU
		{0051353A-3457-4FAB-B469-7DC6213A57E2}.Release|x64.Build.0 = Release|Any CPU
		{0051353A-3457-4FAB-B469-7DC6213A57E2}.Release|x86.ActiveCfg = Release|Any CPU
		{0051353A-3457-4FAB-B469-7DC6213A57E2}.Release|x86.Build.0 = Release|Any CPU
		{52A9E167-893C-4F2A-A7B6-E707E226E1A9}.Debug|Any CPU.ActiveCfg = Debug|Any CPU
		{52A9E167-893C-4F2A-A7B6-E707E226E1A9}.Debug|Any CPU.Build.0 = Debug|Any CPU
		{52A9E167-893C-4F2A-A7B6-E707E226E1A9}.Debug|x64.ActiveCfg = Debug|Any CPU
		{52A9E167-893C-4F2A-A7B6-E707E226E1A9}.Debug|x64.Build.0 = Debug|Any CPU
		{52A9E167-893C-4F2A-A7B6-E707E226E1A9}.Debug|x86.ActiveCfg = Debug|Any CPU
		{52A9E167-893C-4F2A-A7B6-E707E226E1A9}.Debug|x86.Build.0 = Debug|Any CPU
		{52A9E167-893C-4F2A-A7B6-E707E226E1A9}.Release|Any CPU.ActiveCfg = Release|Any CPU
		{52A9E167-893C-4F2A-A7B6-E707E226E1A9}.Release|Any CPU.Build.0 = Release|Any CPU
		{52A9E167-893C-4F2A-A7B6-E707E226E1A9}.Release|x64.ActiveCfg = Release|Any CPU
		{52A9E167-893C-4F2A-A7B6-E707E226E1A9}.Release|x64.Build.0 = Release|Any CPU
		{52A9E167-893C-4F2A-A7B6-E707E226E1A9}.Release|x86.ActiveCfg = Release|Any CPU
		{52A9E167-893C-4F2A-A7B6-E707E226E1A9}.Release|x86.Build.0 = Release|Any CPU
	EndGlobalSection
	GlobalSection(SolutionProperties) = preSolution
		HideSolutionNode = FALSE
	EndGlobalSection
	GlobalSection(ExtensibilityGlobals) = postSolution
		SolutionGuid = {A85E858E-F02A-49D6-B5DA-3B70A8F194DA}
	EndGlobalSection
EndGlobal
